// !$*UTF8*$!
{
	archiveVersion = 1;
	classes = {
	};
	objectVersion = 50;
	objects = {

/* Begin PBXBuildFile section */
		0701544521FCE7BC00172F8D /* APIHelper.swift in Sources */ = {isa = PBXBuildFile; fileRef = 0701542721FCE7BC00172F8D /* APIHelper.swift */; };
		0701544621FCE7BC00172F8D /* APIHelper.swift in Sources */ = {isa = PBXBuildFile; fileRef = 0701542721FCE7BC00172F8D /* APIHelper.swift */; };
		0701544721FCE7BC00172F8D /* AlamofireImplementations.swift in Sources */ = {isa = PBXBuildFile; fileRef = 0701542821FCE7BC00172F8D /* AlamofireImplementations.swift */; };
		0701544821FCE7BC00172F8D /* AlamofireImplementations.swift in Sources */ = {isa = PBXBuildFile; fileRef = 0701542821FCE7BC00172F8D /* AlamofireImplementations.swift */; };
		0701544921FCE7BC00172F8D /* KeyServiceAPI.swift in Sources */ = {isa = PBXBuildFile; fileRef = 0701542A21FCE7BC00172F8D /* KeyServiceAPI.swift */; };
		0701544A21FCE7BC00172F8D /* KeyServiceAPI.swift in Sources */ = {isa = PBXBuildFile; fileRef = 0701542A21FCE7BC00172F8D /* KeyServiceAPI.swift */; };
		0701544B21FCE7BC00172F8D /* ServerManagementAPI.swift in Sources */ = {isa = PBXBuildFile; fileRef = 0701542B21FCE7BC00172F8D /* ServerManagementAPI.swift */; };
		0701544C21FCE7BC00172F8D /* ServerManagementAPI.swift in Sources */ = {isa = PBXBuildFile; fileRef = 0701542B21FCE7BC00172F8D /* ServerManagementAPI.swift */; };
		0701544D21FCE7BC00172F8D /* ClientAPI.swift in Sources */ = {isa = PBXBuildFile; fileRef = 0701542C21FCE7BC00172F8D /* ClientAPI.swift */; };
		0701544E21FCE7BC00172F8D /* ClientAPI.swift in Sources */ = {isa = PBXBuildFile; fileRef = 0701542C21FCE7BC00172F8D /* ClientAPI.swift */; };
		0701544F21FCE7BC00172F8D /* KeyDerivationServiceRegistryAPI.swift in Sources */ = {isa = PBXBuildFile; fileRef = 0701542D21FCE7BC00172F8D /* KeyDerivationServiceRegistryAPI.swift */; };
		0701545021FCE7BC00172F8D /* KeyDerivationServiceRegistryAPI.swift in Sources */ = {isa = PBXBuildFile; fileRef = 0701542D21FCE7BC00172F8D /* KeyDerivationServiceRegistryAPI.swift */; };
		0701545121FCE7BC00172F8D /* OrgAPI.swift in Sources */ = {isa = PBXBuildFile; fileRef = 0701542E21FCE7BC00172F8D /* OrgAPI.swift */; };
		0701545221FCE7BC00172F8D /* OrgAPI.swift in Sources */ = {isa = PBXBuildFile; fileRef = 0701542E21FCE7BC00172F8D /* OrgAPI.swift */; };
		0701545321FCE7BC00172F8D /* PhoneHomeAPI.swift in Sources */ = {isa = PBXBuildFile; fileRef = 0701542F21FCE7BC00172F8D /* PhoneHomeAPI.swift */; };
		0701545421FCE7BC00172F8D /* PhoneHomeAPI.swift in Sources */ = {isa = PBXBuildFile; fileRef = 0701542F21FCE7BC00172F8D /* PhoneHomeAPI.swift */; };
		0701545521FCE7BC00172F8D /* CryptoConfigAPI.swift in Sources */ = {isa = PBXBuildFile; fileRef = 0701543021FCE7BC00172F8D /* CryptoConfigAPI.swift */; };
		0701545621FCE7BC00172F8D /* CryptoConfigAPI.swift in Sources */ = {isa = PBXBuildFile; fileRef = 0701543021FCE7BC00172F8D /* CryptoConfigAPI.swift */; };
		0701545721FCE7BC00172F8D /* CodableHelper.swift in Sources */ = {isa = PBXBuildFile; fileRef = 0701543121FCE7BC00172F8D /* CodableHelper.swift */; };
		0701545821FCE7BC00172F8D /* CodableHelper.swift in Sources */ = {isa = PBXBuildFile; fileRef = 0701543121FCE7BC00172F8D /* CodableHelper.swift */; };
		0701545921FCE7BC00172F8D /* JSONEncodableEncoding.swift in Sources */ = {isa = PBXBuildFile; fileRef = 0701543221FCE7BC00172F8D /* JSONEncodableEncoding.swift */; };
		0701545A21FCE7BC00172F8D /* JSONEncodableEncoding.swift in Sources */ = {isa = PBXBuildFile; fileRef = 0701543221FCE7BC00172F8D /* JSONEncodableEncoding.swift */; };
		0701545B21FCE7BC00172F8D /* APIs.swift in Sources */ = {isa = PBXBuildFile; fileRef = 0701543321FCE7BC00172F8D /* APIs.swift */; };
		0701545C21FCE7BC00172F8D /* APIs.swift in Sources */ = {isa = PBXBuildFile; fileRef = 0701543321FCE7BC00172F8D /* APIs.swift */; };
		0701545D21FCE7BC00172F8D /* PublicKey.swift in Sources */ = {isa = PBXBuildFile; fileRef = 0701543521FCE7BC00172F8D /* PublicKey.swift */; };
		0701545E21FCE7BC00172F8D /* PublicKey.swift in Sources */ = {isa = PBXBuildFile; fileRef = 0701543521FCE7BC00172F8D /* PublicKey.swift */; };
		0701545F21FCE7BC00172F8D /* KeyDerivationInstance.swift in Sources */ = {isa = PBXBuildFile; fileRef = 0701543621FCE7BC00172F8D /* KeyDerivationInstance.swift */; };
		0701546021FCE7BC00172F8D /* KeyDerivationInstance.swift in Sources */ = {isa = PBXBuildFile; fileRef = 0701543621FCE7BC00172F8D /* KeyDerivationInstance.swift */; };
		0701546121FCE7BC00172F8D /* Log.swift in Sources */ = {isa = PBXBuildFile; fileRef = 0701543721FCE7BC00172F8D /* Log.swift */; };
		0701546221FCE7BC00172F8D /* Log.swift in Sources */ = {isa = PBXBuildFile; fileRef = 0701543721FCE7BC00172F8D /* Log.swift */; };
		0701546321FCE7BC00172F8D /* EncryptedSymmetricKey.swift in Sources */ = {isa = PBXBuildFile; fileRef = 0701543821FCE7BC00172F8D /* EncryptedSymmetricKey.swift */; };
		0701546421FCE7BC00172F8D /* EncryptedSymmetricKey.swift in Sources */ = {isa = PBXBuildFile; fileRef = 0701543821FCE7BC00172F8D /* EncryptedSymmetricKey.swift */; };
		0701546521FCE7BC00172F8D /* HeatbeatResponse.swift in Sources */ = {isa = PBXBuildFile; fileRef = 0701543921FCE7BC00172F8D /* HeatbeatResponse.swift */; };
		0701546621FCE7BC00172F8D /* HeatbeatResponse.swift in Sources */ = {isa = PBXBuildFile; fileRef = 0701543921FCE7BC00172F8D /* HeatbeatResponse.swift */; };
		0701546721FCE7BC00172F8D /* Organization.swift in Sources */ = {isa = PBXBuildFile; fileRef = 0701543A21FCE7BC00172F8D /* Organization.swift */; };
		0701546821FCE7BC00172F8D /* Organization.swift in Sources */ = {isa = PBXBuildFile; fileRef = 0701543A21FCE7BC00172F8D /* Organization.swift */; };
		0701546921FCE7BC00172F8D /* CryptoConfig.swift in Sources */ = {isa = PBXBuildFile; fileRef = 0701543B21FCE7BC00172F8D /* CryptoConfig.swift */; };
		0701546A21FCE7BC00172F8D /* CryptoConfig.swift in Sources */ = {isa = PBXBuildFile; fileRef = 0701543B21FCE7BC00172F8D /* CryptoConfig.swift */; };
		0701546B21FCE7BC00172F8D /* APIKey.swift in Sources */ = {isa = PBXBuildFile; fileRef = 0701543C21FCE7BC00172F8D /* APIKey.swift */; };
		0701546C21FCE7BC00172F8D /* APIKey.swift in Sources */ = {isa = PBXBuildFile; fileRef = 0701543C21FCE7BC00172F8D /* APIKey.swift */; };
		0701546D21FCE7BC00172F8D /* SymmetricKeyUseDomain.swift in Sources */ = {isa = PBXBuildFile; fileRef = 0701543D21FCE7BC00172F8D /* SymmetricKeyUseDomain.swift */; };
		0701546E21FCE7BC00172F8D /* SymmetricKeyUseDomain.swift in Sources */ = {isa = PBXBuildFile; fileRef = 0701543D21FCE7BC00172F8D /* SymmetricKeyUseDomain.swift */; };
		0701546F21FCE7BC00172F8D /* Client.swift in Sources */ = {isa = PBXBuildFile; fileRef = 0701543E21FCE7BC00172F8D /* Client.swift */; };
		0701547021FCE7BC00172F8D /* Client.swift in Sources */ = {isa = PBXBuildFile; fileRef = 0701543E21FCE7BC00172F8D /* Client.swift */; };
		0701547121FCE7BC00172F8D /* SymmetricKeyRequest.swift in Sources */ = {isa = PBXBuildFile; fileRef = 0701543F21FCE7BC00172F8D /* SymmetricKeyRequest.swift */; };
		0701547221FCE7BC00172F8D /* SymmetricKeyRequest.swift in Sources */ = {isa = PBXBuildFile; fileRef = 0701543F21FCE7BC00172F8D /* SymmetricKeyRequest.swift */; };
		0701547321FCE7BC00172F8D /* Contact.swift in Sources */ = {isa = PBXBuildFile; fileRef = 0701544021FCE7BC00172F8D /* Contact.swift */; };
		0701547421FCE7BC00172F8D /* Contact.swift in Sources */ = {isa = PBXBuildFile; fileRef = 0701544021FCE7BC00172F8D /* Contact.swift */; };
		0701547521FCE7BC00172F8D /* Extensions.swift in Sources */ = {isa = PBXBuildFile; fileRef = 0701544121FCE7BC00172F8D /* Extensions.swift */; };
		0701547621FCE7BC00172F8D /* Extensions.swift in Sources */ = {isa = PBXBuildFile; fileRef = 0701544121FCE7BC00172F8D /* Extensions.swift */; };
		0701547721FCE7BC00172F8D /* JSONEncodingHelper.swift in Sources */ = {isa = PBXBuildFile; fileRef = 0701544221FCE7BC00172F8D /* JSONEncodingHelper.swift */; };
		0701547821FCE7BC00172F8D /* JSONEncodingHelper.swift in Sources */ = {isa = PBXBuildFile; fileRef = 0701544221FCE7BC00172F8D /* JSONEncodingHelper.swift */; };
		0701547921FCE7BC00172F8D /* Models.swift in Sources */ = {isa = PBXBuildFile; fileRef = 0701544321FCE7BC00172F8D /* Models.swift */; };
		0701547A21FCE7BC00172F8D /* Models.swift in Sources */ = {isa = PBXBuildFile; fileRef = 0701544321FCE7BC00172F8D /* Models.swift */; };
		0701547B21FCE7BC00172F8D /* Configuration.swift in Sources */ = {isa = PBXBuildFile; fileRef = 0701544421FCE7BC00172F8D /* Configuration.swift */; };
		0701547C21FCE7BC00172F8D /* Configuration.swift in Sources */ = {isa = PBXBuildFile; fileRef = 0701544421FCE7BC00172F8D /* Configuration.swift */; };
		0701548121FCF5C100172F8D /* Alamofire.framework in Frameworks */ = {isa = PBXBuildFile; fileRef = 0701548021FCF5C100172F8D /* Alamofire.framework */; };
		0701548321FCF5D700172F8D /* Alamofire.framework in CopyFiles */ = {isa = PBXBuildFile; fileRef = 0701548221FCF5D700172F8D /* Alamofire.framework */; settings = {ATTRIBUTES = (CodeSignOnCopy, RemoveHeadersOnCopy, ); }; };
		0701548421FCF80500172F8D /* Alamofire.framework in Frameworks */ = {isa = PBXBuildFile; fileRef = 0701548221FCF5D700172F8D /* Alamofire.framework */; };
		0701548721FCF89900172F8D /* Alamofire.framework in Embed Frameworks */ = {isa = PBXBuildFile; fileRef = 0701548221FCF5D700172F8D /* Alamofire.framework */; settings = {ATTRIBUTES = (CodeSignOnCopy, RemoveHeadersOnCopy, ); }; };
		07126A0C218F5D7400F68832 /* Peacemakr.framework in Frameworks */ = {isa = PBXBuildFile; fileRef = 07126A02218F5D7400F68832 /* Peacemakr.framework */; };
		07126A11218F5D7400F68832 /* SDKTests.swift in Sources */ = {isa = PBXBuildFile; fileRef = 07126A10218F5D7400F68832 /* SDKTests.swift */; };
		071722E7218F8972005E2CA5 /* Core.swift in Sources */ = {isa = PBXBuildFile; fileRef = 07126A1C218F61E000F68832 /* Core.swift */; };
		071722E9218F9996005E2CA5 /* RandomDevice.swift in Sources */ = {isa = PBXBuildFile; fileRef = 071722E8218F9996005E2CA5 /* RandomDevice.swift */; };
		071722EB218FA301005E2CA5 /* Encryptable.swift in Sources */ = {isa = PBXBuildFile; fileRef = 071722EA218FA301005E2CA5 /* Encryptable.swift */; };
		071722EE218FA6F1005E2CA5 /* CoreCrypto.framework in Frameworks */ = {isa = PBXBuildFile; fileRef = 071722ED218FA6F1005E2CA5 /* CoreCrypto.framework */; };
		072C548A218FB48000B0BB1A /* SampleEncryptable.swift in Sources */ = {isa = PBXBuildFile; fileRef = 072C5489218FB48000B0BB1A /* SampleEncryptable.swift */; };
		077F732E21D19AC000061810 /* CoreCrypto.framework in Copy Core Crypto */ = {isa = PBXBuildFile; fileRef = 071722ED218FA6F1005E2CA5 /* CoreCrypto.framework */; settings = {ATTRIBUTES = (CodeSignOnCopy, RemoveHeadersOnCopy, ); }; };
		07FBFF3921E0045900D9D0C6 /* AppDelegate.swift in Sources */ = {isa = PBXBuildFile; fileRef = 07FBFF3821E0045900D9D0C6 /* AppDelegate.swift */; };
		07FBFF3B21E0045900D9D0C6 /* ViewController.swift in Sources */ = {isa = PBXBuildFile; fileRef = 07FBFF3A21E0045900D9D0C6 /* ViewController.swift */; };
		07FBFF3E21E0045900D9D0C6 /* Main.storyboard in Resources */ = {isa = PBXBuildFile; fileRef = 07FBFF3C21E0045900D9D0C6 /* Main.storyboard */; };
		07FBFF4021E0045A00D9D0C6 /* Assets.xcassets in Resources */ = {isa = PBXBuildFile; fileRef = 07FBFF3F21E0045A00D9D0C6 /* Assets.xcassets */; };
		07FBFF4321E0045A00D9D0C6 /* LaunchScreen.storyboard in Resources */ = {isa = PBXBuildFile; fileRef = 07FBFF4121E0045A00D9D0C6 /* LaunchScreen.storyboard */; };
/* End PBXBuildFile section */

/* Begin PBXContainerItemProxy section */
		07126A0D218F5D7400F68832 /* PBXContainerItemProxy */ = {
			isa = PBXContainerItemProxy;
			containerPortal = 071269F9218F5D7400F68832 /* Project object */;
			proxyType = 1;
			remoteGlobalIDString = 07126A01218F5D7400F68832;
			remoteInfo = SDK;
		};
		07FBFF4921E0046F00D9D0C6 /* PBXContainerItemProxy */ = {
			isa = PBXContainerItemProxy;
			containerPortal = 071269F9218F5D7400F68832 /* Project object */;
			proxyType = 1;
			remoteGlobalIDString = 07FBFF3521E0045900D9D0C6;
			remoteInfo = SDKTestHost;
		};
/* End PBXContainerItemProxy section */

/* Begin PBXCopyFilesBuildPhase section */
		0701547E21FCF53900172F8D /* CopyFiles */ = {
			isa = PBXCopyFilesBuildPhase;
			buildActionMask = 2147483647;
			dstPath = "";
			dstSubfolderSpec = 10;
			files = (
				0701548321FCF5D700172F8D /* Alamofire.framework in CopyFiles */,
			);
			runOnlyForDeploymentPostprocessing = 0;
		};
		0701548821FCF89900172F8D /* Embed Frameworks */ = {
			isa = PBXCopyFilesBuildPhase;
			buildActionMask = 2147483647;
			dstPath = "";
			dstSubfolderSpec = 10;
			files = (
				0701548721FCF89900172F8D /* Alamofire.framework in Embed Frameworks */,
			);
			name = "Embed Frameworks";
			runOnlyForDeploymentPostprocessing = 0;
		};
		077F732D21D19AB900061810 /* Copy Core Crypto */ = {
			isa = PBXCopyFilesBuildPhase;
			buildActionMask = 2147483647;
			dstPath = "";
			dstSubfolderSpec = 10;
			files = (
				077F732E21D19AC000061810 /* CoreCrypto.framework in Copy Core Crypto */,
			);
			name = "Copy Core Crypto";
			runOnlyForDeploymentPostprocessing = 0;
		};
/* End PBXCopyFilesBuildPhase section */

/* Begin PBXFileReference section */
		0701542721FCE7BC00172F8D /* APIHelper.swift */ = {isa = PBXFileReference; fileEncoding = 4; lastKnownFileType = sourcecode.swift; path = APIHelper.swift; sourceTree = "<group>"; };
		0701542821FCE7BC00172F8D /* AlamofireImplementations.swift */ = {isa = PBXFileReference; fileEncoding = 4; lastKnownFileType = sourcecode.swift; path = AlamofireImplementations.swift; sourceTree = "<group>"; };
		0701542A21FCE7BC00172F8D /* KeyServiceAPI.swift */ = {isa = PBXFileReference; fileEncoding = 4; lastKnownFileType = sourcecode.swift; path = KeyServiceAPI.swift; sourceTree = "<group>"; };
		0701542B21FCE7BC00172F8D /* ServerManagementAPI.swift */ = {isa = PBXFileReference; fileEncoding = 4; lastKnownFileType = sourcecode.swift; path = ServerManagementAPI.swift; sourceTree = "<group>"; };
		0701542C21FCE7BC00172F8D /* ClientAPI.swift */ = {isa = PBXFileReference; fileEncoding = 4; lastKnownFileType = sourcecode.swift; path = ClientAPI.swift; sourceTree = "<group>"; };
		0701542D21FCE7BC00172F8D /* KeyDerivationServiceRegistryAPI.swift */ = {isa = PBXFileReference; fileEncoding = 4; lastKnownFileType = sourcecode.swift; path = KeyDerivationServiceRegistryAPI.swift; sourceTree = "<group>"; };
		0701542E21FCE7BC00172F8D /* OrgAPI.swift */ = {isa = PBXFileReference; fileEncoding = 4; lastKnownFileType = sourcecode.swift; path = OrgAPI.swift; sourceTree = "<group>"; };
		0701542F21FCE7BC00172F8D /* PhoneHomeAPI.swift */ = {isa = PBXFileReference; fileEncoding = 4; lastKnownFileType = sourcecode.swift; path = PhoneHomeAPI.swift; sourceTree = "<group>"; };
		0701543021FCE7BC00172F8D /* CryptoConfigAPI.swift */ = {isa = PBXFileReference; fileEncoding = 4; lastKnownFileType = sourcecode.swift; path = CryptoConfigAPI.swift; sourceTree = "<group>"; };
		0701543121FCE7BC00172F8D /* CodableHelper.swift */ = {isa = PBXFileReference; fileEncoding = 4; lastKnownFileType = sourcecode.swift; path = CodableHelper.swift; sourceTree = "<group>"; };
		0701543221FCE7BC00172F8D /* JSONEncodableEncoding.swift */ = {isa = PBXFileReference; fileEncoding = 4; lastKnownFileType = sourcecode.swift; path = JSONEncodableEncoding.swift; sourceTree = "<group>"; };
		0701543321FCE7BC00172F8D /* APIs.swift */ = {isa = PBXFileReference; fileEncoding = 4; lastKnownFileType = sourcecode.swift; path = APIs.swift; sourceTree = "<group>"; };
		0701543521FCE7BC00172F8D /* PublicKey.swift */ = {isa = PBXFileReference; fileEncoding = 4; lastKnownFileType = sourcecode.swift; path = PublicKey.swift; sourceTree = "<group>"; };
		0701543621FCE7BC00172F8D /* KeyDerivationInstance.swift */ = {isa = PBXFileReference; fileEncoding = 4; lastKnownFileType = sourcecode.swift; path = KeyDerivationInstance.swift; sourceTree = "<group>"; };
		0701543721FCE7BC00172F8D /* Log.swift */ = {isa = PBXFileReference; fileEncoding = 4; lastKnownFileType = sourcecode.swift; path = Log.swift; sourceTree = "<group>"; };
		0701543821FCE7BC00172F8D /* EncryptedSymmetricKey.swift */ = {isa = PBXFileReference; fileEncoding = 4; lastKnownFileType = sourcecode.swift; path = EncryptedSymmetricKey.swift; sourceTree = "<group>"; };
		0701543921FCE7BC00172F8D /* HeatbeatResponse.swift */ = {isa = PBXFileReference; fileEncoding = 4; lastKnownFileType = sourcecode.swift; path = HeatbeatResponse.swift; sourceTree = "<group>"; };
		0701543A21FCE7BC00172F8D /* Organization.swift */ = {isa = PBXFileReference; fileEncoding = 4; lastKnownFileType = sourcecode.swift; path = Organization.swift; sourceTree = "<group>"; };
		0701543B21FCE7BC00172F8D /* CryptoConfig.swift */ = {isa = PBXFileReference; fileEncoding = 4; lastKnownFileType = sourcecode.swift; path = CryptoConfig.swift; sourceTree = "<group>"; };
		0701543C21FCE7BC00172F8D /* APIKey.swift */ = {isa = PBXFileReference; fileEncoding = 4; lastKnownFileType = sourcecode.swift; path = APIKey.swift; sourceTree = "<group>"; };
		0701543D21FCE7BC00172F8D /* SymmetricKeyUseDomain.swift */ = {isa = PBXFileReference; fileEncoding = 4; lastKnownFileType = sourcecode.swift; path = SymmetricKeyUseDomain.swift; sourceTree = "<group>"; };
		0701543E21FCE7BC00172F8D /* Client.swift */ = {isa = PBXFileReference; fileEncoding = 4; lastKnownFileType = sourcecode.swift; path = Client.swift; sourceTree = "<group>"; };
		0701543F21FCE7BC00172F8D /* SymmetricKeyRequest.swift */ = {isa = PBXFileReference; fileEncoding = 4; lastKnownFileType = sourcecode.swift; path = SymmetricKeyRequest.swift; sourceTree = "<group>"; };
		0701544021FCE7BC00172F8D /* Contact.swift */ = {isa = PBXFileReference; fileEncoding = 4; lastKnownFileType = sourcecode.swift; path = Contact.swift; sourceTree = "<group>"; };
		0701544121FCE7BC00172F8D /* Extensions.swift */ = {isa = PBXFileReference; fileEncoding = 4; lastKnownFileType = sourcecode.swift; path = Extensions.swift; sourceTree = "<group>"; };
		0701544221FCE7BC00172F8D /* JSONEncodingHelper.swift */ = {isa = PBXFileReference; fileEncoding = 4; lastKnownFileType = sourcecode.swift; path = JSONEncodingHelper.swift; sourceTree = "<group>"; };
		0701544321FCE7BC00172F8D /* Models.swift */ = {isa = PBXFileReference; fileEncoding = 4; lastKnownFileType = sourcecode.swift; path = Models.swift; sourceTree = "<group>"; };
		0701544421FCE7BC00172F8D /* Configuration.swift */ = {isa = PBXFileReference; fileEncoding = 4; lastKnownFileType = sourcecode.swift; path = Configuration.swift; sourceTree = "<group>"; };
		0701548021FCF5C100172F8D /* Alamofire.framework */ = {isa = PBXFileReference; lastKnownFileType = wrapper.framework; name = Alamofire.framework; path = Carthage/Build/iOS/Alamofire.framework; sourceTree = "<group>"; };
		0701548221FCF5D700172F8D /* Alamofire.framework */ = {isa = PBXFileReference; lastKnownFileType = wrapper.framework; name = Alamofire.framework; path = Carthage/Build/iOS/Alamofire.framework; sourceTree = "<group>"; };
		07126A02218F5D7400F68832 /* Peacemakr.framework */ = {isa = PBXFileReference; explicitFileType = wrapper.framework; includeInIndex = 0; path = Peacemakr.framework; sourceTree = BUILT_PRODUCTS_DIR; };
		07126A06218F5D7400F68832 /* Info.plist */ = {isa = PBXFileReference; lastKnownFileType = text.plist.xml; path = Info.plist; sourceTree = "<group>"; };
		07126A0B218F5D7400F68832 /* Peacemakr-iOS-Tests.xctest */ = {isa = PBXFileReference; explicitFileType = wrapper.cfbundle; includeInIndex = 0; path = "Peacemakr-iOS-Tests.xctest"; sourceTree = BUILT_PRODUCTS_DIR; };
		07126A10218F5D7400F68832 /* SDKTests.swift */ = {isa = PBXFileReference; indentWidth = 2; lastKnownFileType = sourcecode.swift; path = SDKTests.swift; sourceTree = "<group>"; tabWidth = 2; };
		07126A12218F5D7400F68832 /* Info.plist */ = {isa = PBXFileReference; lastKnownFileType = text.plist.xml; path = Info.plist; sourceTree = "<group>"; };
		07126A1C218F61E000F68832 /* Core.swift */ = {isa = PBXFileReference; indentWidth = 2; lastKnownFileType = sourcecode.swift; path = Core.swift; sourceTree = "<group>"; tabWidth = 2; };
		071722E8218F9996005E2CA5 /* RandomDevice.swift */ = {isa = PBXFileReference; lastKnownFileType = sourcecode.swift; path = RandomDevice.swift; sourceTree = "<group>"; };
		071722EA218FA301005E2CA5 /* Encryptable.swift */ = {isa = PBXFileReference; lastKnownFileType = sourcecode.swift; path = Encryptable.swift; sourceTree = "<group>"; };
		071722ED218FA6F1005E2CA5 /* CoreCrypto.framework */ = {isa = PBXFileReference; lastKnownFileType = wrapper.framework; path = CoreCrypto.framework; sourceTree = "<group>"; };
		072C5489218FB48000B0BB1A /* SampleEncryptable.swift */ = {isa = PBXFileReference; lastKnownFileType = sourcecode.swift; path = SampleEncryptable.swift; sourceTree = "<group>"; };
		07C390CF21D1912A009620A6 /* Alamofire.framework */ = {isa = PBXFileReference; lastKnownFileType = wrapper.framework; path = Alamofire.framework; sourceTree = "<group>"; };
		07C5104821C63D7900F94A53 /* peacemakr-services.yml */ = {isa = PBXFileReference; fileEncoding = 4; lastKnownFileType = text; path = "peacemakr-services.yml"; sourceTree = "<group>"; };
		07FBFF3621E0045900D9D0C6 /* SDKTestHost.app */ = {isa = PBXFileReference; explicitFileType = wrapper.application; includeInIndex = 0; path = SDKTestHost.app; sourceTree = BUILT_PRODUCTS_DIR; };
		07FBFF3821E0045900D9D0C6 /* AppDelegate.swift */ = {isa = PBXFileReference; lastKnownFileType = sourcecode.swift; path = AppDelegate.swift; sourceTree = "<group>"; };
		07FBFF3A21E0045900D9D0C6 /* ViewController.swift */ = {isa = PBXFileReference; lastKnownFileType = sourcecode.swift; path = ViewController.swift; sourceTree = "<group>"; };
		07FBFF3D21E0045900D9D0C6 /* Base */ = {isa = PBXFileReference; lastKnownFileType = file.storyboard; name = Base; path = Base.lproj/Main.storyboard; sourceTree = "<group>"; };
		07FBFF3F21E0045A00D9D0C6 /* Assets.xcassets */ = {isa = PBXFileReference; lastKnownFileType = folder.assetcatalog; path = Assets.xcassets; sourceTree = "<group>"; };
		07FBFF4221E0045A00D9D0C6 /* Base */ = {isa = PBXFileReference; lastKnownFileType = file.storyboard; name = Base; path = Base.lproj/LaunchScreen.storyboard; sourceTree = "<group>"; };
		07FBFF4421E0045A00D9D0C6 /* Info.plist */ = {isa = PBXFileReference; lastKnownFileType = text.plist.xml; path = Info.plist; sourceTree = "<group>"; };
		07FBFF4821E0046300D9D0C6 /* SDKTestHost.entitlements */ = {isa = PBXFileReference; lastKnownFileType = text.plist.entitlements; path = SDKTestHost.entitlements; sourceTree = "<group>"; };
/* End PBXFileReference section */

/* Begin PBXFrameworksBuildPhase section */
		071269FF218F5D7400F68832 /* Frameworks */ = {
			isa = PBXFrameworksBuildPhase;
			buildActionMask = 2147483647;
			files = (
				071722EE218FA6F1005E2CA5 /* CoreCrypto.framework in Frameworks */,
				0701548121FCF5C100172F8D /* Alamofire.framework in Frameworks */,
			);
			runOnlyForDeploymentPostprocessing = 0;
		};
		07126A08218F5D7400F68832 /* Frameworks */ = {
			isa = PBXFrameworksBuildPhase;
			buildActionMask = 2147483647;
			files = (
				0701548421FCF80500172F8D /* Alamofire.framework in Frameworks */,
				07126A0C218F5D7400F68832 /* Peacemakr.framework in Frameworks */,
			);
			runOnlyForDeploymentPostprocessing = 0;
		};
		07FBFF3321E0045900D9D0C6 /* Frameworks */ = {
			isa = PBXFrameworksBuildPhase;
			buildActionMask = 2147483647;
			files = (
			);
			runOnlyForDeploymentPostprocessing = 0;
		};
/* End PBXFrameworksBuildPhase section */

/* Begin PBXGroup section */
		0701542621FCE7BC00172F8D /* Swaggers */ = {
			isa = PBXGroup;
			children = (
				0701542721FCE7BC00172F8D /* APIHelper.swift */,
				0701542821FCE7BC00172F8D /* AlamofireImplementations.swift */,
				0701542921FCE7BC00172F8D /* APIs */,
				0701543121FCE7BC00172F8D /* CodableHelper.swift */,
				0701543221FCE7BC00172F8D /* JSONEncodableEncoding.swift */,
				0701543321FCE7BC00172F8D /* APIs.swift */,
				0701543421FCE7BC00172F8D /* Models */,
				0701544121FCE7BC00172F8D /* Extensions.swift */,
				0701544221FCE7BC00172F8D /* JSONEncodingHelper.swift */,
				0701544321FCE7BC00172F8D /* Models.swift */,
				0701544421FCE7BC00172F8D /* Configuration.swift */,
			);
			name = Swaggers;
			path = Generated/SwaggerClient/Classes/Swaggers;
			sourceTree = SOURCE_ROOT;
		};
		0701542921FCE7BC00172F8D /* APIs */ = {
			isa = PBXGroup;
			children = (
				0701542A21FCE7BC00172F8D /* KeyServiceAPI.swift */,
				0701542B21FCE7BC00172F8D /* ServerManagementAPI.swift */,
				0701542C21FCE7BC00172F8D /* ClientAPI.swift */,
				0701542D21FCE7BC00172F8D /* KeyDerivationServiceRegistryAPI.swift */,
				0701542E21FCE7BC00172F8D /* OrgAPI.swift */,
				0701542F21FCE7BC00172F8D /* PhoneHomeAPI.swift */,
				0701543021FCE7BC00172F8D /* CryptoConfigAPI.swift */,
			);
			path = APIs;
			sourceTree = "<group>";
		};
		0701543421FCE7BC00172F8D /* Models */ = {
			isa = PBXGroup;
			children = (
				0701543521FCE7BC00172F8D /* PublicKey.swift */,
				0701543621FCE7BC00172F8D /* KeyDerivationInstance.swift */,
				0701543721FCE7BC00172F8D /* Log.swift */,
				0701543821FCE7BC00172F8D /* EncryptedSymmetricKey.swift */,
				0701543921FCE7BC00172F8D /* HeatbeatResponse.swift */,
				0701543A21FCE7BC00172F8D /* Organization.swift */,
				0701543B21FCE7BC00172F8D /* CryptoConfig.swift */,
				0701543C21FCE7BC00172F8D /* APIKey.swift */,
				0701543D21FCE7BC00172F8D /* SymmetricKeyUseDomain.swift */,
				0701543E21FCE7BC00172F8D /* Client.swift */,
				0701543F21FCE7BC00172F8D /* SymmetricKeyRequest.swift */,
				0701544021FCE7BC00172F8D /* Contact.swift */,
			);
			path = Models;
			sourceTree = "<group>";
		};
		071269F8218F5D7400F68832 = {
			isa = PBXGroup;
			children = (
				0701548221FCF5D700172F8D /* Alamofire.framework */,
				07C5104521C63D4600F94A53 /* Resources */,
				07126A04218F5D7400F68832 /* SDK */,
				07126A0F218F5D7400F68832 /* SDKTests */,
				07FBFF3721E0045900D9D0C6 /* SDKTestHost */,
				07126A03218F5D7400F68832 /* Products */,
				071722EC218FA6F1005E2CA5 /* Frameworks */,
			);
			indentWidth = 2;
			sourceTree = "<group>";
			tabWidth = 2;
		};
		07126A03218F5D7400F68832 /* Products */ = {
			isa = PBXGroup;
			children = (
				07126A02218F5D7400F68832 /* Peacemakr.framework */,
				07126A0B218F5D7400F68832 /* Peacemakr-iOS-Tests.xctest */,
				07FBFF3621E0045900D9D0C6 /* SDKTestHost.app */,
			);
			name = Products;
			sourceTree = "<group>";
		};
		07126A04218F5D7400F68832 /* SDK */ = {
			isa = PBXGroup;
			children = (
				07126A06218F5D7400F68832 /* Info.plist */,
				07126A1C218F61E000F68832 /* Core.swift */,
				071722E8218F9996005E2CA5 /* RandomDevice.swift */,
				071722EA218FA301005E2CA5 /* Encryptable.swift */,
			);
			path = SDK;
			sourceTree = "<group>";
		};
		07126A0F218F5D7400F68832 /* SDKTests */ = {
			isa = PBXGroup;
			children = (
				07126A10218F5D7400F68832 /* SDKTests.swift */,
				07126A12218F5D7400F68832 /* Info.plist */,
				072C5489218FB48000B0BB1A /* SampleEncryptable.swift */,
			);
			path = SDKTests;
			sourceTree = "<group>";
		};
		071722EC218FA6F1005E2CA5 /* Frameworks */ = {
			isa = PBXGroup;
			children = (
				07C390CF21D1912A009620A6 /* Alamofire.framework */,
				0701548021FCF5C100172F8D /* Alamofire.framework */,
				071722ED218FA6F1005E2CA5 /* CoreCrypto.framework */,
			);
			name = Frameworks;
			sourceTree = "<group>";
		};
		07C5104521C63D4600F94A53 /* Resources */ = {
			isa = PBXGroup;
			children = (
				0701542621FCE7BC00172F8D /* Swaggers */,
				07C5104821C63D7900F94A53 /* peacemakr-services.yml */,
			);
			path = Resources;
			sourceTree = "<group>";
		};
		07FBFF3721E0045900D9D0C6 /* SDKTestHost */ = {
			isa = PBXGroup;
			children = (
				07FBFF4821E0046300D9D0C6 /* SDKTestHost.entitlements */,
				07FBFF3821E0045900D9D0C6 /* AppDelegate.swift */,
				07FBFF3A21E0045900D9D0C6 /* ViewController.swift */,
				07FBFF3C21E0045900D9D0C6 /* Main.storyboard */,
				07FBFF3F21E0045A00D9D0C6 /* Assets.xcassets */,
				07FBFF4121E0045A00D9D0C6 /* LaunchScreen.storyboard */,
				07FBFF4421E0045A00D9D0C6 /* Info.plist */,
			);
			path = SDKTestHost;
			sourceTree = "<group>";
		};
/* End PBXGroup section */

/* Begin PBXHeadersBuildPhase section */
		071269FD218F5D7400F68832 /* Headers */ = {
			isa = PBXHeadersBuildPhase;
			buildActionMask = 2147483647;
			files = (
			);
			runOnlyForDeploymentPostprocessing = 0;
		};
/* End PBXHeadersBuildPhase section */

/* Begin PBXNativeTarget section */
		07126A01218F5D7400F68832 /* Peacemakr-iOS */ = {
			isa = PBXNativeTarget;
			buildConfigurationList = 07126A16218F5D7400F68832 /* Build configuration list for PBXNativeTarget "Peacemakr-iOS" */;
			buildPhases = (
				071269FD218F5D7400F68832 /* Headers */,
				071269FE218F5D7400F68832 /* Sources */,
				071269FF218F5D7400F68832 /* Frameworks */,
				077F732D21D19AB900061810 /* Copy Core Crypto */,
				0701547D21FCF4FD00172F8D /* ShellScript */,
				0701547E21FCF53900172F8D /* CopyFiles */,
			);
			buildRules = (
			);
			dependencies = (
			);
			name = "Peacemakr-iOS";
			productName = SDK;
			productReference = 07126A02218F5D7400F68832 /* Peacemakr.framework */;
			productType = "com.apple.product-type.framework";
		};
		07126A0A218F5D7400F68832 /* Peacemakr-iOS-Tests */ = {
			isa = PBXNativeTarget;
			buildConfigurationList = 07126A19218F5D7400F68832 /* Build configuration list for PBXNativeTarget "Peacemakr-iOS-Tests" */;
			buildPhases = (
				07126A07218F5D7400F68832 /* Sources */,
				07FBFF2F21DFFEC900D9D0C6 /* ShellScript */,
				07126A08218F5D7400F68832 /* Frameworks */,
				07126A09218F5D7400F68832 /* Resources */,
			);
			buildRules = (
			);
			dependencies = (
				07126A0E218F5D7400F68832 /* PBXTargetDependency */,
				07FBFF4A21E0046F00D9D0C6 /* PBXTargetDependency */,
			);
			name = "Peacemakr-iOS-Tests";
			productName = SDKTests;
			productReference = 07126A0B218F5D7400F68832 /* Peacemakr-iOS-Tests.xctest */;
			productType = "com.apple.product-type.bundle.unit-test";
		};
		07FBFF3521E0045900D9D0C6 /* SDKTestHost */ = {
			isa = PBXNativeTarget;
			buildConfigurationList = 07FBFF4521E0045A00D9D0C6 /* Build configuration list for PBXNativeTarget "SDKTestHost" */;
			buildPhases = (
				0722A73921E70A83004A7616 /* ShellScript */,
				07FBFF3221E0045900D9D0C6 /* Sources */,
				07FBFF3321E0045900D9D0C6 /* Frameworks */,
				07FBFF3421E0045900D9D0C6 /* Resources */,
				0701548821FCF89900172F8D /* Embed Frameworks */,
			);
			buildRules = (
			);
			dependencies = (
			);
			name = SDKTestHost;
			productName = SDKTestHost;
			productReference = 07FBFF3621E0045900D9D0C6 /* SDKTestHost.app */;
			productType = "com.apple.product-type.application";
		};
/* End PBXNativeTarget section */

/* Begin PBXProject section */
		071269F9218F5D7400F68832 /* Project object */ = {
			isa = PBXProject;
			attributes = {
				LastSwiftUpdateCheck = 1010;
				LastUpgradeCheck = 1010;
				ORGANIZATIONNAME = Peacemakr;
				TargetAttributes = {
					07126A01218F5D7400F68832 = {
						CreatedOnToolsVersion = 10.1;
						LastSwiftMigration = 1010;
					};
					07126A0A218F5D7400F68832 = {
						CreatedOnToolsVersion = 10.1;
						TestTargetID = 07FBFF3521E0045900D9D0C6;
					};
					07FBFF3521E0045900D9D0C6 = {
						CreatedOnToolsVersion = 10.1;
						SystemCapabilities = {
							com.apple.Keychain = {
								enabled = 1;
							};
						};
					};
				};
			};
			buildConfigurationList = 071269FC218F5D7400F68832 /* Build configuration list for PBXProject "Peacemakr-iOS" */;
			compatibilityVersion = "Xcode 9.3";
			developmentRegion = en;
			hasScannedForEncodings = 0;
			knownRegions = (
				en,
				Base,
			);
			mainGroup = 071269F8218F5D7400F68832;
			productRefGroup = 07126A03218F5D7400F68832 /* Products */;
			projectDirPath = "";
			projectRoot = "";
			targets = (
				07126A01218F5D7400F68832 /* Peacemakr-iOS */,
				07126A0A218F5D7400F68832 /* Peacemakr-iOS-Tests */,
				07FBFF3521E0045900D9D0C6 /* SDKTestHost */,
			);
		};
/* End PBXProject section */

/* Begin PBXResourcesBuildPhase section */
		07126A09218F5D7400F68832 /* Resources */ = {
			isa = PBXResourcesBuildPhase;
			buildActionMask = 2147483647;
			files = (
			);
			runOnlyForDeploymentPostprocessing = 0;
		};
		07FBFF3421E0045900D9D0C6 /* Resources */ = {
			isa = PBXResourcesBuildPhase;
			buildActionMask = 2147483647;
			files = (
				07FBFF4321E0045A00D9D0C6 /* LaunchScreen.storyboard in Resources */,
				07FBFF4021E0045A00D9D0C6 /* Assets.xcassets in Resources */,
				07FBFF3E21E0045900D9D0C6 /* Main.storyboard in Resources */,
			);
			runOnlyForDeploymentPostprocessing = 0;
		};
/* End PBXResourcesBuildPhase section */

/* Begin PBXShellScriptBuildPhase section */
		0701547D21FCF4FD00172F8D /* ShellScript */ = {
			isa = PBXShellScriptBuildPhase;
			buildActionMask = 8;
			files = (
			);
			inputFileListPaths = (
			);
			inputPaths = (
				"$(SRCROOT)/Carthage/Build/iOS/Alamofire.framework",
			);
			outputFileListPaths = (
			);
			outputPaths = (
			);
			runOnlyForDeploymentPostprocessing = 1;
			shellPath = "/usr/local/bin/carthage copy-frameworks";
			shellScript = "# Type a script or drag a script file from your workspace to insert its path.\n\n";
		};
		0722A73921E70A83004A7616 /* ShellScript */ = {
			isa = PBXShellScriptBuildPhase;
			buildActionMask = 2147483647;
			files = (
			);
			inputFileListPaths = (
			);
			inputPaths = (
			);
			outputFileListPaths = (
			);
			outputPaths = (
			);
			runOnlyForDeploymentPostprocessing = 0;
			shellPath = /bin/sh;
			shellScript = "TAGS=\"TODO:|FIXME:\"\nERRORTAG=\"ERROR:\"\nfind \"${SRCROOT}\" \\( -name \"*.h\" -or -name \"*.m\" -or -name \"*.swift\" \\) -print0 | xargs -0 egrep --with-filename --line-number --only-matching \"($TAGS).*\\$|($ERRORTAG).*\\$\" | perl -p -e \"s/($TAGS)/ warning: \\$1/\" | perl -p -e \"s/($ERRORTAG)/ error: \\$1/\"\n";
		};
		07FBFF2F21DFFEC900D9D0C6 /* ShellScript */ = {
			isa = PBXShellScriptBuildPhase;
			buildActionMask = 2147483647;
			files = (
			);
			inputFileListPaths = (
			);
			inputPaths = (
			);
			outputFileListPaths = (
			);
			outputPaths = (
			);
			runOnlyForDeploymentPostprocessing = 0;
			shellPath = /bin/sh;
			shellScript = "# Type a script or drag a script file from your workspace to insert its path.\ncodesign --verify --force --sign \"$CODE_SIGN_IDENTITY\" \"$CODESIGNING_FOLDER_PATH\"\n";
		};
/* End PBXShellScriptBuildPhase section */

/* Begin PBXSourcesBuildPhase section */
		071269FE218F5D7400F68832 /* Sources */ = {
			isa = PBXSourcesBuildPhase;
			buildActionMask = 2147483647;
			files = (
				0701545921FCE7BC00172F8D /* JSONEncodableEncoding.swift in Sources */,
				0701544721FCE7BC00172F8D /* AlamofireImplementations.swift in Sources */,
				0701546721FCE7BC00172F8D /* Organization.swift in Sources */,
				0701545B21FCE7BC00172F8D /* APIs.swift in Sources */,
				071722E9218F9996005E2CA5 /* RandomDevice.swift in Sources */,
				0701545321FCE7BC00172F8D /* PhoneHomeAPI.swift in Sources */,
				0701547B21FCE7BC00172F8D /* Configuration.swift in Sources */,
				0701546F21FCE7BC00172F8D /* Client.swift in Sources */,
				0701547521FCE7BC00172F8D /* Extensions.swift in Sources */,
				0701547721FCE7BC00172F8D /* JSONEncodingHelper.swift in Sources */,
				0701544B21FCE7BC00172F8D /* ServerManagementAPI.swift in Sources */,
				0701544D21FCE7BC00172F8D /* ClientAPI.swift in Sources */,
				0701545F21FCE7BC00172F8D /* KeyDerivationInstance.swift in Sources */,
				072C548A218FB48000B0BB1A /* SampleEncryptable.swift in Sources */,
				0701546B21FCE7BC00172F8D /* APIKey.swift in Sources */,
				071722E7218F8972005E2CA5 /* Core.swift in Sources */,
				0701546521FCE7BC00172F8D /* HeatbeatResponse.swift in Sources */,
				0701545521FCE7BC00172F8D /* CryptoConfigAPI.swift in Sources */,
				0701546921FCE7BC00172F8D /* CryptoConfig.swift in Sources */,
				0701545D21FCE7BC00172F8D /* PublicKey.swift in Sources */,
				0701545721FCE7BC00172F8D /* CodableHelper.swift in Sources */,
				0701544921FCE7BC00172F8D /* KeyServiceAPI.swift in Sources */,
				0701546121FCE7BC00172F8D /* Log.swift in Sources */,
				0701547321FCE7BC00172F8D /* Contact.swift in Sources */,
				0701544521FCE7BC00172F8D /* APIHelper.swift in Sources */,
				0701547921FCE7BC00172F8D /* Models.swift in Sources */,
				0701545121FCE7BC00172F8D /* OrgAPI.swift in Sources */,
				0701544F21FCE7BC00172F8D /* KeyDerivationServiceRegistryAPI.swift in Sources */,
				0701546D21FCE7BC00172F8D /* SymmetricKeyUseDomain.swift in Sources */,
				0701546321FCE7BC00172F8D /* EncryptedSymmetricKey.swift in Sources */,
				071722EB218FA301005E2CA5 /* Encryptable.swift in Sources */,
				0701547121FCE7BC00172F8D /* SymmetricKeyRequest.swift in Sources */,
			);
			runOnlyForDeploymentPostprocessing = 0;
		};
		07126A07218F5D7400F68832 /* Sources */ = {
			isa = PBXSourcesBuildPhase;
			buildActionMask = 2147483647;
			files = (
				0701545E21FCE7BC00172F8D /* PublicKey.swift in Sources */,
				0701546C21FCE7BC00172F8D /* APIKey.swift in Sources */,
				0701547421FCE7BC00172F8D /* Contact.swift in Sources */,
				0701545A21FCE7BC00172F8D /* JSONEncodableEncoding.swift in Sources */,
				0701544821FCE7BC00172F8D /* AlamofireImplementations.swift in Sources */,
				0701545221FCE7BC00172F8D /* OrgAPI.swift in Sources */,
				0701544621FCE7BC00172F8D /* APIHelper.swift in Sources */,
				0701545021FCE7BC00172F8D /* KeyDerivationServiceRegistryAPI.swift in Sources */,
				0701546E21FCE7BC00172F8D /* SymmetricKeyUseDomain.swift in Sources */,
				0701546221FCE7BC00172F8D /* Log.swift in Sources */,
				0701547C21FCE7BC00172F8D /* Configuration.swift in Sources */,
				0701544C21FCE7BC00172F8D /* ServerManagementAPI.swift in Sources */,
				0701546A21FCE7BC00172F8D /* CryptoConfig.swift in Sources */,
				0701547221FCE7BC00172F8D /* SymmetricKeyRequest.swift in Sources */,
				0701546021FCE7BC00172F8D /* KeyDerivationInstance.swift in Sources */,
				0701547821FCE7BC00172F8D /* JSONEncodingHelper.swift in Sources */,
				0701547021FCE7BC00172F8D /* Client.swift in Sources */,
				0701545421FCE7BC00172F8D /* PhoneHomeAPI.swift in Sources */,
				0701546621FCE7BC00172F8D /* HeatbeatResponse.swift in Sources */,
				0701544E21FCE7BC00172F8D /* ClientAPI.swift in Sources */,
				0701545621FCE7BC00172F8D /* CryptoConfigAPI.swift in Sources */,
				0701544A21FCE7BC00172F8D /* KeyServiceAPI.swift in Sources */,
				0701545821FCE7BC00172F8D /* CodableHelper.swift in Sources */,
				0701547621FCE7BC00172F8D /* Extensions.swift in Sources */,
				0701546421FCE7BC00172F8D /* EncryptedSymmetricKey.swift in Sources */,
				0701546821FCE7BC00172F8D /* Organization.swift in Sources */,
				07126A11218F5D7400F68832 /* SDKTests.swift in Sources */,
				0701545C21FCE7BC00172F8D /* APIs.swift in Sources */,
				0701547A21FCE7BC00172F8D /* Models.swift in Sources */,
			);
			runOnlyForDeploymentPostprocessing = 0;
		};
		07FBFF3221E0045900D9D0C6 /* Sources */ = {
			isa = PBXSourcesBuildPhase;
			buildActionMask = 2147483647;
			files = (
				07FBFF3B21E0045900D9D0C6 /* ViewController.swift in Sources */,
				07FBFF3921E0045900D9D0C6 /* AppDelegate.swift in Sources */,
			);
			runOnlyForDeploymentPostprocessing = 0;
		};
/* End PBXSourcesBuildPhase section */

/* Begin PBXTargetDependency section */
		07126A0E218F5D7400F68832 /* PBXTargetDependency */ = {
			isa = PBXTargetDependency;
			target = 07126A01218F5D7400F68832 /* Peacemakr-iOS */;
			targetProxy = 07126A0D218F5D7400F68832 /* PBXContainerItemProxy */;
		};
		07FBFF4A21E0046F00D9D0C6 /* PBXTargetDependency */ = {
			isa = PBXTargetDependency;
			target = 07FBFF3521E0045900D9D0C6 /* SDKTestHost */;
			targetProxy = 07FBFF4921E0046F00D9D0C6 /* PBXContainerItemProxy */;
		};
/* End PBXTargetDependency section */

/* Begin PBXVariantGroup section */
		07FBFF3C21E0045900D9D0C6 /* Main.storyboard */ = {
			isa = PBXVariantGroup;
			children = (
				07FBFF3D21E0045900D9D0C6 /* Base */,
			);
			name = Main.storyboard;
			sourceTree = "<group>";
		};
		07FBFF4121E0045A00D9D0C6 /* LaunchScreen.storyboard */ = {
			isa = PBXVariantGroup;
			children = (
				07FBFF4221E0045A00D9D0C6 /* Base */,
			);
			name = LaunchScreen.storyboard;
			sourceTree = "<group>";
		};
/* End PBXVariantGroup section */

/* Begin XCBuildConfiguration section */
		07126A14218F5D7400F68832 /* Debug */ = {
			isa = XCBuildConfiguration;
			buildSettings = {
				ALWAYS_SEARCH_USER_PATHS = NO;
				CLANG_ANALYZER_NONNULL = YES;
				CLANG_ANALYZER_NUMBER_OBJECT_CONVERSION = YES_AGGRESSIVE;
				CLANG_CXX_LANGUAGE_STANDARD = "gnu++14";
				CLANG_CXX_LIBRARY = "libc++";
				CLANG_ENABLE_MODULES = YES;
				CLANG_ENABLE_OBJC_ARC = YES;
				CLANG_ENABLE_OBJC_WEAK = YES;
				CLANG_WARN_BLOCK_CAPTURE_AUTORELEASING = YES;
				CLANG_WARN_BOOL_CONVERSION = YES;
				CLANG_WARN_COMMA = YES;
				CLANG_WARN_CONSTANT_CONVERSION = YES;
				CLANG_WARN_DEPRECATED_OBJC_IMPLEMENTATIONS = YES;
				CLANG_WARN_DIRECT_OBJC_ISA_USAGE = YES_ERROR;
				CLANG_WARN_DOCUMENTATION_COMMENTS = YES;
				CLANG_WARN_EMPTY_BODY = YES;
				CLANG_WARN_ENUM_CONVERSION = YES;
				CLANG_WARN_INFINITE_RECURSION = YES;
				CLANG_WARN_INT_CONVERSION = YES;
				CLANG_WARN_NON_LITERAL_NULL_CONVERSION = YES;
				CLANG_WARN_OBJC_IMPLICIT_RETAIN_SELF = YES;
				CLANG_WARN_OBJC_LITERAL_CONVERSION = YES;
				CLANG_WARN_OBJC_ROOT_CLASS = YES_ERROR;
				CLANG_WARN_RANGE_LOOP_ANALYSIS = YES;
				CLANG_WARN_STRICT_PROTOTYPES = YES;
				CLANG_WARN_SUSPICIOUS_MOVE = YES;
				CLANG_WARN_UNGUARDED_AVAILABILITY = YES_AGGRESSIVE;
				CLANG_WARN_UNREACHABLE_CODE = YES;
				CLANG_WARN__DUPLICATE_METHOD_MATCH = YES;
				CODE_SIGN_IDENTITY = "iPhone Developer";
				COPY_PHASE_STRIP = NO;
				CURRENT_PROJECT_VERSION = 1;
				DEBUG_INFORMATION_FORMAT = dwarf;
				ENABLE_STRICT_OBJC_MSGSEND = YES;
				ENABLE_TESTABILITY = YES;
				GCC_C_LANGUAGE_STANDARD = gnu11;
				GCC_DYNAMIC_NO_PIC = NO;
				GCC_NO_COMMON_BLOCKS = YES;
				GCC_OPTIMIZATION_LEVEL = 0;
				GCC_PREPROCESSOR_DEFINITIONS = (
					"DEBUG=1",
					"$(inherited)",
				);
				GCC_WARN_64_TO_32_BIT_CONVERSION = YES;
				GCC_WARN_ABOUT_RETURN_TYPE = YES_ERROR;
				GCC_WARN_UNDECLARED_SELECTOR = YES;
				GCC_WARN_UNINITIALIZED_AUTOS = YES_AGGRESSIVE;
				GCC_WARN_UNUSED_FUNCTION = YES;
				GCC_WARN_UNUSED_VARIABLE = YES;
				IPHONEOS_DEPLOYMENT_TARGET = 9.0;
				MTL_ENABLE_DEBUG_INFO = INCLUDE_SOURCE;
				MTL_FAST_MATH = YES;
				ONLY_ACTIVE_ARCH = YES;
				SDKROOT = iphoneos;
				SWIFT_ACTIVE_COMPILATION_CONDITIONS = DEBUG;
				SWIFT_OPTIMIZATION_LEVEL = "-Onone";
				SWIFT_VERSION = 3.0;
				VERSIONING_SYSTEM = "apple-generic";
				VERSION_INFO_PREFIX = "";
			};
			name = Debug;
		};
		07126A15218F5D7400F68832 /* Release */ = {
			isa = XCBuildConfiguration;
			buildSettings = {
				ALWAYS_SEARCH_USER_PATHS = NO;
				CLANG_ANALYZER_NONNULL = YES;
				CLANG_ANALYZER_NUMBER_OBJECT_CONVERSION = YES_AGGRESSIVE;
				CLANG_CXX_LANGUAGE_STANDARD = "gnu++14";
				CLANG_CXX_LIBRARY = "libc++";
				CLANG_ENABLE_MODULES = YES;
				CLANG_ENABLE_OBJC_ARC = YES;
				CLANG_ENABLE_OBJC_WEAK = YES;
				CLANG_WARN_BLOCK_CAPTURE_AUTORELEASING = YES;
				CLANG_WARN_BOOL_CONVERSION = YES;
				CLANG_WARN_COMMA = YES;
				CLANG_WARN_CONSTANT_CONVERSION = YES;
				CLANG_WARN_DEPRECATED_OBJC_IMPLEMENTATIONS = YES;
				CLANG_WARN_DIRECT_OBJC_ISA_USAGE = YES_ERROR;
				CLANG_WARN_DOCUMENTATION_COMMENTS = YES;
				CLANG_WARN_EMPTY_BODY = YES;
				CLANG_WARN_ENUM_CONVERSION = YES;
				CLANG_WARN_INFINITE_RECURSION = YES;
				CLANG_WARN_INT_CONVERSION = YES;
				CLANG_WARN_NON_LITERAL_NULL_CONVERSION = YES;
				CLANG_WARN_OBJC_IMPLICIT_RETAIN_SELF = YES;
				CLANG_WARN_OBJC_LITERAL_CONVERSION = YES;
				CLANG_WARN_OBJC_ROOT_CLASS = YES_ERROR;
				CLANG_WARN_RANGE_LOOP_ANALYSIS = YES;
				CLANG_WARN_STRICT_PROTOTYPES = YES;
				CLANG_WARN_SUSPICIOUS_MOVE = YES;
				CLANG_WARN_UNGUARDED_AVAILABILITY = YES_AGGRESSIVE;
				CLANG_WARN_UNREACHABLE_CODE = YES;
				CLANG_WARN__DUPLICATE_METHOD_MATCH = YES;
				CODE_SIGN_IDENTITY = "iPhone Developer";
				COPY_PHASE_STRIP = NO;
				CURRENT_PROJECT_VERSION = 1;
				DEBUG_INFORMATION_FORMAT = "dwarf-with-dsym";
				ENABLE_NS_ASSERTIONS = NO;
				ENABLE_STRICT_OBJC_MSGSEND = YES;
				GCC_C_LANGUAGE_STANDARD = gnu11;
				GCC_NO_COMMON_BLOCKS = YES;
				GCC_WARN_64_TO_32_BIT_CONVERSION = YES;
				GCC_WARN_ABOUT_RETURN_TYPE = YES_ERROR;
				GCC_WARN_UNDECLARED_SELECTOR = YES;
				GCC_WARN_UNINITIALIZED_AUTOS = YES_AGGRESSIVE;
				GCC_WARN_UNUSED_FUNCTION = YES;
				GCC_WARN_UNUSED_VARIABLE = YES;
				IPHONEOS_DEPLOYMENT_TARGET = 9.0;
				MTL_ENABLE_DEBUG_INFO = NO;
				MTL_FAST_MATH = YES;
				SDKROOT = iphoneos;
				SWIFT_COMPILATION_MODE = wholemodule;
				SWIFT_OPTIMIZATION_LEVEL = "-O";
				SWIFT_VERSION = 3.0;
				VALIDATE_PRODUCT = YES;
				VERSIONING_SYSTEM = "apple-generic";
				VERSION_INFO_PREFIX = "";
			};
			name = Release;
		};
		07126A17218F5D7400F68832 /* Debug */ = {
			isa = XCBuildConfiguration;
			buildSettings = {
				ALWAYS_EMBED_SWIFT_STANDARD_LIBRARIES = NO;
				CLANG_ENABLE_MODULES = YES;
				CODE_SIGN_IDENTITY = "iPhone Developer";
				CODE_SIGN_STYLE = Automatic;
				DEFINES_MODULE = YES;
				DEVELOPMENT_TEAM = TVN85SMC24;
				DYLIB_COMPATIBILITY_VERSION = 1;
				DYLIB_CURRENT_VERSION = 1;
				DYLIB_INSTALL_NAME_BASE = "@rpath";
				FRAMEWORK_SEARCH_PATHS = (
					"$(inherited)",
					"$(PROJECT_DIR)",
					"$(PROJECT_DIR)/Carthage/Build/iOS",
				);
				HEADER_SEARCH_PATHS = "$(SRCROOT)";
				INFOPLIST_FILE = SDK/Info.plist;
				INSTALL_PATH = "$(LOCAL_LIBRARY_DIR)/Frameworks";
				IPHONEOS_DEPLOYMENT_TARGET = 8.1;
				LD_RUNPATH_SEARCH_PATHS = (
					"$(inherited)",
					"@executable_path/Frameworks",
					"@loader_path/Frameworks",
				);
				LIBRARY_SEARCH_PATHS = "$(SRCROOT)";
				ONLY_ACTIVE_ARCH = YES;
				PRODUCT_BUNDLE_IDENTIFIER = com.peacemakr.iOS;
				PRODUCT_MODULE_NAME = Peacemakr;
				PRODUCT_NAME = Peacemakr;
				SKIP_INSTALL = YES;
				SWIFT_INCLUDE_PATHS = "";
				SWIFT_OPTIMIZATION_LEVEL = "-Onone";
				SWIFT_VERSION = 3.0;
				TARGETED_DEVICE_FAMILY = "1,2";
				VALID_ARCHS = "$(VALID_ARCHS)";
			};
			name = Debug;
		};
		07126A18218F5D7400F68832 /* Release */ = {
			isa = XCBuildConfiguration;
			buildSettings = {
				ALWAYS_EMBED_SWIFT_STANDARD_LIBRARIES = NO;
				CLANG_ENABLE_MODULES = YES;
				CODE_SIGN_IDENTITY = "iPhone Developer";
				CODE_SIGN_STYLE = Automatic;
				DEFINES_MODULE = YES;
				DEVELOPMENT_TEAM = TVN85SMC24;
				DYLIB_COMPATIBILITY_VERSION = 1;
				DYLIB_CURRENT_VERSION = 1;
				DYLIB_INSTALL_NAME_BASE = "@rpath";
				FRAMEWORK_SEARCH_PATHS = (
					"$(inherited)",
					"$(PROJECT_DIR)",
					"$(PROJECT_DIR)/Carthage/Build/iOS",
				);
				HEADER_SEARCH_PATHS = "$(SRCROOT)";
				INFOPLIST_FILE = SDK/Info.plist;
				INSTALL_PATH = "$(LOCAL_LIBRARY_DIR)/Frameworks";
				IPHONEOS_DEPLOYMENT_TARGET = 8.1;
				LD_RUNPATH_SEARCH_PATHS = (
					"$(inherited)",
					"@executable_path/Frameworks",
					"@loader_path/Frameworks",
				);
				LIBRARY_SEARCH_PATHS = "$(SRCROOT)";
				ONLY_ACTIVE_ARCH = NO;
				PRODUCT_BUNDLE_IDENTIFIER = com.peacemakr.iOS;
				PRODUCT_MODULE_NAME = Peacemakr;
				PRODUCT_NAME = Peacemakr;
				SKIP_INSTALL = YES;
				SWIFT_INCLUDE_PATHS = "";
				SWIFT_VERSION = 3.0;
				TARGETED_DEVICE_FAMILY = "1,2";
				VALID_ARCHS = "$(VALID_ARCHS)";
			};
			name = Release;
		};
		07126A1A218F5D7400F68832 /* Debug */ = {
			isa = XCBuildConfiguration;
			buildSettings = {
				ALWAYS_EMBED_SWIFT_STANDARD_LIBRARIES = YES;
				CODE_SIGN_IDENTITY = "iPhone Developer";
				CODE_SIGN_STYLE = Automatic;
				DEVELOPMENT_TEAM = TVN85SMC24;
				FRAMEWORK_SEARCH_PATHS = (
					"$(inherited)",
					"$(PROJECT_DIR)",
					"$(PROJECT_DIR)/Carthage/Build/iOS/**",
					"$(PROJECT_DIR)/Carthage/Build/iOS",
				);
				INFOPLIST_FILE = SDKTests/Info.plist;
				LD_RUNPATH_SEARCH_PATHS = (
					"$(inherited)",
					"@executable_path/Frameworks",
					"@loader_path/Frameworks",
					"@loader_path/../Frameworks",
				);
				PRODUCT_BUNDLE_IDENTIFIER = com.peacemakr.SDKTests;
				PRODUCT_NAME = "$(TARGET_NAME)";
				SWIFT_VERSION = 3.0;
				TARGETED_DEVICE_FAMILY = "1,2";
				TEST_HOST = "$(BUILT_PRODUCTS_DIR)/SDKTestHost.app/SDKTestHost";
			};
			name = Debug;
		};
		07126A1B218F5D7400F68832 /* Release */ = {
			isa = XCBuildConfiguration;
			buildSettings = {
				ALWAYS_EMBED_SWIFT_STANDARD_LIBRARIES = YES;
				CODE_SIGN_IDENTITY = "iPhone Developer";
				CODE_SIGN_STYLE = Automatic;
				DEVELOPMENT_TEAM = TVN85SMC24;
				FRAMEWORK_SEARCH_PATHS = (
					"$(inherited)",
					"$(PROJECT_DIR)",
					"$(PROJECT_DIR)/Carthage/Build/iOS/**",
					"$(PROJECT_DIR)/Carthage/Build/iOS",
				);
				INFOPLIST_FILE = SDKTests/Info.plist;
				LD_RUNPATH_SEARCH_PATHS = (
					"$(inherited)",
					"@executable_path/Frameworks",
					"@loader_path/Frameworks",
					"@loader_path/../Frameworks",
				);
				PRODUCT_BUNDLE_IDENTIFIER = com.peacemakr.SDKTests;
				PRODUCT_NAME = "$(TARGET_NAME)";
				SWIFT_VERSION = 3.0;
				TARGETED_DEVICE_FAMILY = "1,2";
				TEST_HOST = "$(BUILT_PRODUCTS_DIR)/SDKTestHost.app/SDKTestHost";
			};
			name = Release;
		};
		07FBFF4621E0045A00D9D0C6 /* Debug */ = {
			isa = XCBuildConfiguration;
			buildSettings = {
				ASSETCATALOG_COMPILER_APPICON_NAME = AppIcon;
				CODE_SIGN_ENTITLEMENTS = SDKTestHost/SDKTestHost.entitlements;
				CODE_SIGN_STYLE = Automatic;
				DEVELOPMENT_TEAM = TVN85SMC24;
				FRAMEWORK_SEARCH_PATHS = (
					"$(PROJECT_DIR)/Carthage/Build/iOS/**",
					"$(PROJECT_DIR)/Carthage/Build/iOS",
				);
				INFOPLIST_FILE = SDKTestHost/Info.plist;
				IPHONEOS_DEPLOYMENT_TARGET = 12.1;
				LD_RUNPATH_SEARCH_PATHS = (
					"$(inherited)",
					"@executable_path/Frameworks",
					"@loader_path/Frameworks",
					"@loader_path/../Frameworks",
				);
				PRODUCT_BUNDLE_IDENTIFIER = com.peacemakr.SDKTestHost;
				PRODUCT_NAME = "$(TARGET_NAME)";
				SWIFT_VERSION = 4.2;
				TARGETED_DEVICE_FAMILY = "1,2";
			};
			name = Debug;
		};
		07FBFF4721E0045A00D9D0C6 /* Release */ = {
			isa = XCBuildConfiguration;
			buildSettings = {
				ASSETCATALOG_COMPILER_APPICON_NAME = AppIcon;
				CODE_SIGN_ENTITLEMENTS = SDKTestHost/SDKTestHost.entitlements;
				CODE_SIGN_STYLE = Automatic;
				DEVELOPMENT_TEAM = TVN85SMC24;
				FRAMEWORK_SEARCH_PATHS = (
					"$(PROJECT_DIR)/Carthage/Build/iOS/**",
					"$(PROJECT_DIR)/Carthage/Build/iOS",
				);
				INFOPLIST_FILE = SDKTestHost/Info.plist;
				IPHONEOS_DEPLOYMENT_TARGET = 12.1;
				LD_RUNPATH_SEARCH_PATHS = (
					"$(inherited)",
					"@executable_path/Frameworks",
					"@loader_path/Frameworks",
					"@loader_path/../Frameworks",
				);
				PRODUCT_BUNDLE_IDENTIFIER = com.peacemakr.SDKTestHost;
				PRODUCT_NAME = "$(TARGET_NAME)";
				SWIFT_VERSION = 4.2;
				TARGETED_DEVICE_FAMILY = "1,2";
			};
			name = Release;
		};
/* End XCBuildConfiguration section */

/* Begin XCConfigurationList section */
		071269FC218F5D7400F68832 /* Build configuration list for PBXProject "Peacemakr-iOS" */ = {
			isa = XCConfigurationList;
			buildConfigurations = (
				07126A14218F5D7400F68832 /* Debug */,
				07126A15218F5D7400F68832 /* Release */,
			);
			defaultConfigurationIsVisible = 0;
			defaultConfigurationName = Release;
		};
		07126A16218F5D7400F68832 /* Build configuration list for PBXNativeTarget "Peacemakr-iOS" */ = {
			isa = XCConfigurationList;
			buildConfigurations = (
				07126A17218F5D7400F68832 /* Debug */,
				07126A18218F5D7400F68832 /* Release */,
			);
			defaultConfigurationIsVisible = 0;
			defaultConfigurationName = Release;
		};
		07126A19218F5D7400F68832 /* Build configuration list for PBXNativeTarget "Peacemakr-iOS-Tests" */ = {
			isa = XCConfigurationList;
			buildConfigurations = (
				07126A1A218F5D7400F68832 /* Debug */,
				07126A1B218F5D7400F68832 /* Release */,
			);
			defaultConfigurationIsVisible = 0;
			defaultConfigurationName = Release;
		};
		07FBFF4521E0045A00D9D0C6 /* Build configuration list for PBXNativeTarget "SDKTestHost" */ = {
			isa = XCConfigurationList;
			buildConfigurations = (
				07FBFF4621E0045A00D9D0C6 /* Debug */,
				07FBFF4721E0045A00D9D0C6 /* Release */,
			);
			defaultConfigurationIsVisible = 0;
			defaultConfigurationName = Release;
		};
/* End XCConfigurationList section */
	};
	rootObject = 071269F9218F5D7400F68832 /* Project object */;
}
